
Microsoft Visual Studio Solution File, Format Version 12.00
# Visual Studio 2013
VisualStudioVersion = 12.0.31101.0
MinimumVisualStudioVersion = 10.0.40219.1
Project("{8BC9CEB8-8B4A-11D0-8D11-00A0C91BC942}") = "DGDecode", "DGDecode\DGDecode.vcxproj", "{4EEDE272-48F6-44A2-856B-845CBAD4E96B}"
EndProject
Project("{8BC9CEB8-8B4A-11D0-8D11-00A0C91BC942}") = "DGIndex", "DGIndex\DGIndex.vcxproj", "{E0C2E79C-C60A-4C43-A637-0DCAE83818BB}"
EndProject
Project("{8BC9CEB8-8B4A-11D0-8D11-00A0C91BC942}") = "DGVfapi", "DGVfapi\DGVfapi.vcxproj", "{071167EB-CC4A-48B1-9F4D-A7914BC75492}"
	ProjectSection(ProjectDependencies) = postProject
		{4EEDE272-48F6-44A2-856B-845CBAD4E96B} = {4EEDE272-48F6-44A2-856B-845CBAD4E96B}
	EndProjectSection
EndProject
Global
	GlobalSection(SolutionConfigurationPlatforms) = preSolution
		Debug|Win32 = Debug|Win32
		Release VFAPI|Win32 = Release VFAPI|Win32
		Release|Win32 = Release|Win32
	EndGlobalSection
	GlobalSection(ProjectConfigurationPlatforms) = postSolution
		{4EEDE272-48F6-44A2-856B-845CBAD4E96B}.Debug|Win32.ActiveCfg = Debug|Win32
		{4EEDE272-48F6-44A2-856B-845CBAD4E96B}.Debug|Win32.Build.0 = Debug|Win32
		{4EEDE272-48F6-44A2-856B-845CBAD4E96B}.Release VFAPI|Win32.ActiveCfg = Release|Win32
		{4EEDE272-48F6-44A2-856B-845CBAD4E96B}.Release VFAPI|Win32.Build.0 = Release|Win32
		{4EEDE272-48F6-44A2-856B-845CBAD4E96B}.Release|Win32.ActiveCfg = Release|Win32
		{4EEDE272-48F6-44A2-856B-845CBAD4E96B}.Release|Win32.Build.0 = Release|Win32
		{E0C2E79C-C60A-4C43-A637-0DCAE83818BB}.Debug|Win32.ActiveCfg = Debug|Win32
		{E0C2E79C-C60A-4C43-A637-0DCAE83818BB}.Debug|Win32.Build.0 = Debug|Win32
		{E0C2E79C-C60A-4C43-A637-0DCAE83818BB}.Release VFAPI|Win32.ActiveCfg = Release|Win32
		{E0C2E79C-C60A-4C43-A637-0DCAE83818BB}.Release VFAPI|Win32.Build.0 = Release|Win32
		{E0C2E79C-C60A-4C43-A637-0DCAE83818BB}.Release|Win32.ActiveCfg = Release|Win32
		{E0C2E79C-C60A-4C43-A637-0DCAE83818BB}.Release|Win32.Build.0 = Release|Win32
		{071167EB-CC4A-48B1-9F4D-A7914BC75492}.Debug|Win32.ActiveCfg = Debug|Win32
		{071167EB-CC4A-48B1-9F4D-A7914BC75492}.Debug|Win32.Build.0 = Debug|Win32
		{071167EB-CC4A-48B1-9F4D-A7914BC75492}.Release VFAPI|Win32.ActiveCfg = Release|Win32
		{071167EB-CC4A-48B1-9F4D-A7914BC75492}.Release VFAPI|Win32.Build.0 = Release|Win32
		{071167EB-CC4A-48B1-9F4D-A7914BC75492}.Release|Win32.ActiveCfg = Release|Win32
		{071167EB-CC4A-48B1-9F4D-A7914BC75492}.Release|Win32.Build.0 = Release|Win32
	EndGlobalSection
	GlobalSection(SolutionProperties) = preSolution
		HideSolutionNode = FALSE
	EndGlobalSection
EndGlobal
